
Microsoft Visual Studio Solution File, Format Version 12.00
# Visual Studio Version 17
VisualStudioVersion = 17.0.31903.59
MinimumVisualStudioVersion = 10.0.40219.1
Project("{FAE04EC0-301F-11D3-BF4B-00C04F79EFBC}") = "DesktopGL", "DesktopGL\DesktopGL.csproj", "{859D64B1-81DD-4086-AEA5-65F473DD160A}"
EndProject
Project("{FAE04EC0-301F-11D3-BF4B-00C04F79EFBC}") = "Android", "Android\Android.csproj", "{F7D8CFC5-F4ED-41F9-B9C7-75CA277F079E}"
EndProject
Global
	GlobalSection(SolutionConfigurationPlatforms) = preSolution
		Debug|Any CPU = Debug|Any CPU
		Release|Any CPU = Release|Any CPU
	EndGlobalSection
	GlobalSection(SolutionProperties) = preSolution
		HideSolutionNode = FALSE
	EndGlobalSection
	GlobalSection(ProjectConfigurationPlatforms) = postSolution
		{859D64B1-81DD-4086-AEA5-65F473DD160A}.Debug|Any CPU.ActiveCfg = Debug|Any CPU
		{859D64B1-81DD-4086-AEA5-65F473DD160A}.Debug|Any CPU.Build.0 = Debug|Any CPU
		{859D64B1-81DD-4086-AEA5-65F473DD160A}.Release|Any CPU.ActiveCfg = Release|Any CPU
		{859D64B1-81DD-4086-AEA5-65F473DD160A}.Release|Any CPU.Build.0 = Release|Any CPU
		{F7D8CFC5-F4ED-41F9-B9C7-75CA277F079E}.Debug|Any CPU.ActiveCfg = Debug|Any CPU
		{F7D8CFC5-F4ED-41F9-B9C7-75CA277F079E}.Debug|Any CPU.Build.0 = Debug|Any CPU
		{F7D8CFC5-F4ED-41F9-B9C7-75CA277F079E}.Release|Any CPU.ActiveCfg = Release|Any CPU
		{F7D8CFC5-F4ED-41F9-B9C7-75CA277F079E}.Release|Any CPU.Build.0 = Release|Any CPU
	EndGlobalSection
EndGlobal
